
Microsoft Visual Studio Solution File, Format Version 12.00
Project("{FAE04EC0-301F-11D3-BF4B-00C04F79EFBC}") = "Simple.PasswordGenerator", "Simple.PasswordGenerator\Simple.PasswordGenerator.csproj", "{19B112A4-293A-4AE5-AF92-C84121DAD9F1}"
EndProject
Project("{FAE04EC0-301F-11D3-BF4B-00C04F79EFBC}") = "Simple.PasswordGenerator.Example", "Simple.PasswordGenerator.Example\Simple.PasswordGenerator.Example.csproj", "{BD262BFE-4153-418C-A5FE-02C27B51BBF2}"
EndProject
Project("{FAE04EC0-301F-11D3-BF4B-00C04F79EFBC}") = "Simple.PasswordGenerator.Tests", "Simple.PasswordGenerator.Tests\Simple.PasswordGenerator.Tests.csproj", "{E373E47E-52D2-4699-966C-80B5FCE64B3A}"
EndProject
Global
	GlobalSection(SolutionConfigurationPlatforms) = preSolution
		Debug|Any CPU = Debug|Any CPU
		Release|Any CPU = Release|Any CPU
	EndGlobalSection
	GlobalSection(ProjectConfigurationPlatforms) = postSolution
		{19B112A4-293A-4AE5-AF92-C84121DAD9F1}.Debug|Any CPU.ActiveCfg = Debug|Any CPU
		{19B112A4-293A-4AE5-AF92-C84121DAD9F1}.Debug|Any CPU.Build.0 = Debug|Any CPU
		{19B112A4-293A-4AE5-AF92-C84121DAD9F1}.Release|Any CPU.ActiveCfg = Release|Any CPU
		{19B112A4-293A-4AE5-AF92-C84121DAD9F1}.Release|Any CPU.Build.0 = Release|Any CPU
		{BD262BFE-4153-418C-A5FE-02C27B51BBF2}.Debug|Any CPU.ActiveCfg = Debug|Any CPU
		{BD262BFE-4153-418C-A5FE-02C27B51BBF2}.Debug|Any CPU.Build.0 = Debug|Any CPU
		{BD262BFE-4153-418C-A5FE-02C27B51BBF2}.Release|Any CPU.ActiveCfg = Release|Any CPU
		{BD262BFE-4153-418C-A5FE-02C27B51BBF2}.Release|Any CPU.Build.0 = Release|Any CPU
		{E373E47E-52D2-4699-966C-80B5FCE64B3A}.Debug|Any CPU.ActiveCfg = Debug|Any CPU
		{E373E47E-52D2-4699-966C-80B5FCE64B3A}.Debug|Any CPU.Build.0 = Debug|Any CPU
		{E373E47E-52D2-4699-966C-80B5FCE64B3A}.Release|Any CPU.ActiveCfg = Release|Any CPU
		{E373E47E-52D2-4699-966C-80B5FCE64B3A}.Release|Any CPU.Build.0 = Release|Any CPU
	EndGlobalSection
EndGlobal
